
Microsoft Visual Studio Solution File, Format Version 12.00
Project("{FAE04EC0-301F-11D3-BF4B-00C04F79EFBC}") = "Tests", "Tests.csproj", "{26FE7D52-41B4-4D13-9C6F-9BDFFC4B1CA5}"
EndProject
Project("{FAE04EC0-301F-11D3-BF4B-00C04F79EFBC}") = "QuestionaireApi", "..\Api\QuestionaireApi.csproj", "{7051878D-4906-4C5C-985D-D465898AD9D4}"
EndProject
Global
	GlobalSection(SolutionConfigurationPlatforms) = preSolution
		Debug|Any CPU = Debug|Any CPU
		Release|Any CPU = Release|Any CPU
	EndGlobalSection
	GlobalSection(ProjectConfigurationPlatforms) = postSolution
		{26FE7D52-41B4-4D13-9C6F-9BDFFC4B1CA5}.Debug|Any CPU.ActiveCfg = Debug|Any CPU
		{26FE7D52-41B4-4D13-9C6F-9BDFFC4B1CA5}.Debug|Any CPU.Build.0 = Debug|Any CPU
		{26FE7D52-41B4-4D13-9C6F-9BDFFC4B1CA5}.Release|Any CPU.ActiveCfg = Release|Any CPU
		{26FE7D52-41B4-4D13-9C6F-9BDFFC4B1CA5}.Release|Any CPU.Build.0 = Release|Any CPU
		{7051878D-4906-4C5C-985D-D465898AD9D4}.Debug|Any CPU.ActiveCfg = Debug|Any CPU
		{7051878D-4906-4C5C-985D-D465898AD9D4}.Debug|Any CPU.Build.0 = Debug|Any CPU
		{7051878D-4906-4C5C-985D-D465898AD9D4}.Release|Any CPU.ActiveCfg = Release|Any CPU
		{7051878D-4906-4C5C-985D-D465898AD9D4}.Release|Any CPU.Build.0 = Release|Any CPU
	EndGlobalSection
EndGlobal
